
Microsoft Visual Studio Solution File, Format Version 12.00
# Visual Studio 15
Project("{FAE04EC0-301F-11D3-BF4B-00C04F79EFBC}") = "Assembly-CSharp-firstpass", "Assembly-CSharp-firstpass.csproj", "{0B46D21D-48F6-0CE4-2D26-A6CFD8167B30}"
EndProject
Project("{FAE04EC0-301F-11D3-BF4B-00C04F79EFBC}") = "Assembly-CSharp", "Assembly-CSharp.csproj", "{1074F45A-98B1-C776-CE00-4DC492CF23E2}"
EndProject
Project("{FAE04EC0-301F-11D3-BF4B-00C04F79EFBC}") = "Assembly-CSharp-Editor-firstpass", "Assembly-CSharp-Editor-firstpass.csproj", "{B82F1FF4-F6FF-4305-0C76-5D5E2EF64315}"
EndProject
Project("{FAE04EC0-301F-11D3-BF4B-00C04F79EFBC}") = "Assembly-CSharp-Editor", "Assembly-CSharp-Editor.csproj", "{8F7AC588-A167-6A6A-DD57-A028F5BFD4ED}"
EndProject
Global
	GlobalSection(SolutionConfigurationPlatforms) = preSolution
		Debug|Any CPU = Debug|Any CPU
		Release|Any CPU = Release|Any CPU
	EndGlobalSection
	GlobalSection(ProjectConfigurationPlatforms) = postSolution
		{0B46D21D-48F6-0CE4-2D26-A6CFD8167B30}.Debug|Any CPU.ActiveCfg = Debug|Any CPU
		{0B46D21D-48F6-0CE4-2D26-A6CFD8167B30}.Debug|Any CPU.Build.0 = Debug|Any CPU
		{0B46D21D-48F6-0CE4-2D26-A6CFD8167B30}.Release|Any CPU.ActiveCfg = Release|Any CPU
		{0B46D21D-48F6-0CE4-2D26-A6CFD8167B30}.Release|Any CPU.Build.0 = Release|Any CPU
		{1074F45A-98B1-C776-CE00-4DC492CF23E2}.Debug|Any CPU.ActiveCfg = Debug|Any CPU
		{1074F45A-98B1-C776-CE00-4DC492CF23E2}.Debug|Any CPU.Build.0 = Debug|Any CPU
		{1074F45A-98B1-C776-CE00-4DC492CF23E2}.Release|Any CPU.ActiveCfg = Release|Any CPU
		{1074F45A-98B1-C776-CE00-4DC492CF23E2}.Release|Any CPU.Build.0 = Release|Any CPU
		{B82F1FF4-F6FF-4305-0C76-5D5E2EF64315}.Debug|Any CPU.ActiveCfg = Debug|Any CPU
		{B82F1FF4-F6FF-4305-0C76-5D5E2EF64315}.Debug|Any CPU.Build.0 = Debug|Any CPU
		{B82F1FF4-F6FF-4305-0C76-5D5E2EF64315}.Release|Any CPU.ActiveCfg = Release|Any CPU
		{B82F1FF4-F6FF-4305-0C76-5D5E2EF64315}.Release|Any CPU.Build.0 = Release|Any CPU
		{8F7AC588-A167-6A6A-DD57-A028F5BFD4ED}.Debug|Any CPU.ActiveCfg = Debug|Any CPU
		{8F7AC588-A167-6A6A-DD57-A028F5BFD4ED}.Debug|Any CPU.Build.0 = Debug|Any CPU
		{8F7AC588-A167-6A6A-DD57-A028F5BFD4ED}.Release|Any CPU.ActiveCfg = Release|Any CPU
		{8F7AC588-A167-6A6A-DD57-A028F5BFD4ED}.Release|Any CPU.Build.0 = Release|Any CPU
	EndGlobalSection
	GlobalSection(SolutionProperties) = preSolution
		HideSolutionNode = FALSE
	EndGlobalSection
EndGlobal
